
Microsoft Visual Studio Solution File, Format Version 12.00
# Visual Studio Version 17
VisualStudioVersion = 17.5.33516.290
MinimumVisualStudioVersion = 10.0.40219.1
Project("{FAE04EC0-301F-11D3-BF4B-00C04F79EFBC}") = "OkGroomer", "OkGroomer\OkGroomer.csproj", "{1E670B69-99F5-46E5-B25D-9018B45861C3}"
EndProject
Global
	GlobalSection(SolutionConfigurationPlatforms) = preSolution
		Debug|Any CPU = Debug|Any CPU
		Release|Any CPU = Release|Any CPU
	EndGlobalSection
	GlobalSection(ProjectConfigurationPlatforms) = postSolution
		{1E670B69-99F5-46E5-B25D-9018B45861C3}.Debug|Any CPU.ActiveCfg = Debug|Any CPU
		{1E670B69-99F5-46E5-B25D-9018B45861C3}.Debug|Any CPU.Build.0 = Debug|Any CPU
		{1E670B69-99F5-46E5-B25D-9018B45861C3}.Release|Any CPU.ActiveCfg = Release|Any CPU
		{1E670B69-99F5-46E5-B25D-9018B45861C3}.Release|Any CPU.Build.0 = Release|Any CPU
	EndGlobalSection
	GlobalSection(SolutionProperties) = preSolution
		HideSolutionNode = FALSE
	EndGlobalSection
	GlobalSection(ExtensibilityGlobals) = postSolution
		SolutionGuid = {AC30BED4-6ABE-48BB-9351-A20BC3A89212}
	EndGlobalSection
EndGlobal
